# This file is automatically @generated by Cargo.
# It is not intended for manual editing.
version = 4

[[package]]
name = "fms-core"
version = "0.1.0"

[[package]]
name = "fms-host"
version = "0.1.0"
dependencies = [
 "fms-core",
]

[[package]]
name = "kernel-modules"
version = "0.1.0"
dependencies = [
 "fms-core",
]
